github.com/oarkflow/convert v0.0.1 h1:YEstvV4zKM06gyaUdtuaJByOEcg2oYKbJQWew9Bf+g4=
github.com/oarkflow/convert v0.0.1/go.mod h1:N74VVimer11ZLahm8FpnQ+wpO78XBP9y3IRvRB29fAA=
github.com/oarkflow/date v0.0.4 h1:EwY/wiS3CqZNBx7b2x+3kkJwVNuGk+G0dls76kL/fhU=
github.com/oarkflow/date v0.0.4/go.mod h1:xQTFc6p6O5VX6J75ZrPJbelIFGca1ASmhpgirFqL8vM=
github.com/oarkflow/dipper v0.0.2 h1:K8HVBV92ni7m71560EyOvYE4/heY7CvqlJXPmWqWvFA=
github.com/oarkflow/dipper v0.0.2/go.mod h1:bnXQ6465eP8WZ9U3M7R24zeBG3P6IU5SASuvpAyCD9w=
github.com/oarkflow/expr v0.0.10 h1:pleTz2WlwbJ0yfQGbD1/LhD8Mi7lvXGs1POJ8kFjj+0=
github.com/oarkflow/expr v0.0.10/go.mod h1:WgMZqP44h7SBwKyuGZwC15vj46lHtI0/QpKdEZpRVE4=
github.com/oarkflow/filters v0.0.18 h1:r2jW3dkke0efh+g8sUIFAifpI3FzN9tjTQVivmDpkEk=
github.com/oarkflow/filters v0.0.18/go.mod h1:vEVfLeTq3UrtnpH+p8tXDEH/9g97t2e6v7k/tOa0Dd4=
github.com/oarkflow/flydb v0.0.1 h1:Y1aHcTrXcAjH6qqresjkpLQYwN2+vhJZUciPEmJaf/E=
github.com/oarkflow/flydb v0.0.1/go.mod h1:45FtOqeKnmJ9dwsMqniuYNCd0oiok2iFGh/8OqFeAEQ=
github.com/oarkflow/json v0.0.8 h1:T3B8JJ9JEVrgHDsjOwV2lUqvSB3Pj84DCjlRKf7CB4I=
github.com/oarkflow/json v0.0.8/go.mod h1:S5BZA4/rM87+MY8mFrga3jISzxCL9RtLE6xHSk63VxI=
github.com/oarkflow/msgpack v0.0.1 h1:q7CvtT1/2TU+qoXgiQZ6BW4E9fAGOQ9bATWFFdFNZUI=
github.com/oarkflow/msgpack v0.0.1/go.mod h1:LthukEYeLGz+NEYzN6voNUVHAiLR8A3HX2DM40O3QBg=
github.com/oarkflow/search v0.0.43 h1:5cKRgXVaACCrUJz4CxXDe65Nj1G7oCf6z6h6G3n4bWM=
github.com/oarkflow/search v0.0.43/go.mod h1:IQvSVhmV0d1A6dv3MbbxLTgPbivqPcyXvd0g+N6k46s=
github.com/oarkflow/xid v1.2.5 h1:6RcNJm9+oZ/B647gkME9trCzhpxGQaSdNoD56Vmkeho=
github.com/oarkflow/xid v1.2.5/go.mod h1:jG4YBh+swbjlWApGWDBYnsJEa7hi3CCpmuqhB3RAxVo=
github.com/oarkflow/xsync v0.0.5 h1:7HBQjmDus4YFLQFC5D197TB4c2YJTVwsTFuqk5zWKBM=
github.com/oarkflow/xsync v0.0.5/go.mod h1:KAaEc506OEd3ISxfhgUBKxk8eQzkz+mb0JkpGGd/QwU=
github.com/vmihailenco/tagparser/v2 v2.0.0 h1:y09buUbR+b5aycVFQs/g70pqKVZNBmxwAhO7/IwNM9g=
github.com/vmihailenco/tagparser/v2 v2.0.0/go.mod h1:Wri+At7QHww0WTrCBeu4J6bNtoV6mEfg5OIWRZA9qds=
golang.org/x/exp v0.0.0-20240719175910-8a7402abbf56 h1:2dVuKD2vS7b0QIHQbpyTISPd0LeHDbnYEryqj5Q1ug8=
golang.org/x/exp v0.0.0-20240719175910-8a7402abbf56/go.mod h1:M4RDyNAINzryxdtnbRXRL/OHtkFuWGRjvuhBJpk2IlY=
