github.com/klauspost/compress v1.17.9 h1:6KIumPrER1LHsvBVuDa0r5xaG0Es51mhhB9BQB2qeMA=
github.com/klauspost/compress v1.17.9/go.mod h1:Di0epgTjJY877eYKx5yC51cX2A2Vl2ibi7bDH9ttBbw=
github.com/oarkflow/convert v0.0.1 h1:YEstvV4zKM06gyaUdtuaJByOEcg2oYKbJQWew9Bf+g4=
github.com/oarkflow/convert v0.0.1/go.mod h1:N74VVimer11ZLahm8FpnQ+wpO78XBP9y3IRvRB29fAA=
github.com/oarkflow/date v0.0.4 h1:EwY/wiS3CqZNBx7b2x+3kkJwVNuGk+G0dls76kL/fhU=
github.com/oarkflow/date v0.0.4/go.mod h1:xQTFc6p6O5VX6J75ZrPJbelIFGca1ASmhpgirFqL8vM=
github.com/oarkflow/dipper v0.0.2 h1:K8HVBV92ni7m71560EyOvYE4/heY7CvqlJXPmWqWvFA=
github.com/oarkflow/dipper v0.0.2/go.mod h1:bnXQ6465eP8WZ9U3M7R24zeBG3P6IU5SASuvpAyCD9w=
github.com/oarkflow/expr v0.0.10 h1:pleTz2WlwbJ0yfQGbD1/LhD8Mi7lvXGs1POJ8kFjj+0=
github.com/oarkflow/expr v0.0.10/go.mod h1:WgMZqP44h7SBwKyuGZwC15vj46lHtI0/QpKdEZpRVE4=
github.com/oarkflow/filters v0.0.17 h1:KnM1bdqexe2lFh52i4OC3dVpW6yJ2NFUrtAM5L80dC0=
github.com/oarkflow/filters v0.0.17/go.mod h1:vEVfLeTq3UrtnpH+p8tXDEH/9g97t2e6v7k/tOa0Dd4=
github.com/oarkflow/flydb v0.0.1 h1:Y1aHcTrXcAjH6qqresjkpLQYwN2+vhJZUciPEmJaf/E=
github.com/oarkflow/flydb v0.0.1/go.mod h1:45FtOqeKnmJ9dwsMqniuYNCd0oiok2iFGh/8OqFeAEQ=
github.com/oarkflow/json v0.0.8 h1:T3B8JJ9JEVrgHDsjOwV2lUqvSB3Pj84DCjlRKf7CB4I=
github.com/oarkflow/json v0.0.8/go.mod h1:S5BZA4/rM87+MY8mFrga3jISzxCL9RtLE6xHSk63VxI=
github.com/oarkflow/maps v0.0.0-20240406152114-fc5a94538f01 h1:2U3KpUUHKyKNcc9wR6S5xMffSbHv9T42qPMFTXimLXE=
github.com/oarkflow/maps v0.0.0-20240406152114-fc5a94538f01/go.mod h1:ku/3mpezSm5g3rBuU2U3UPpzBhJ86SY/mhvvliTTWg4=
github.com/oarkflow/msgpack v0.0.1 h1:q7CvtT1/2TU+qoXgiQZ6BW4E9fAGOQ9bATWFFdFNZUI=
github.com/oarkflow/msgpack v0.0.1/go.mod h1:LthukEYeLGz+NEYzN6voNUVHAiLR8A3HX2DM40O3QBg=
github.com/oarkflow/search v0.0.33 h1:mb8w/PwEOuopR9A6aNzj7q7kn63FWHDvP1pC7LOlOEE=
github.com/oarkflow/search v0.0.33/go.mod h1:g5UTt2tJSeii9jrzJS5PK8l0Cqf6H3VncsJYEoOmWMM=
github.com/vmihailenco/tagparser/v2 v2.0.0 h1:y09buUbR+b5aycVFQs/g70pqKVZNBmxwAhO7/IwNM9g=
github.com/vmihailenco/tagparser/v2 v2.0.0/go.mod h1:Wri+At7QHww0WTrCBeu4J6bNtoV6mEfg5OIWRZA9qds=
golang.org/x/exp v0.0.0-20240613232115-7f521ea00fb8 h1:yixxcjnhBmY0nkL253HFVIm0JsFHwrHdT3Yh6szTnfY=
golang.org/x/exp v0.0.0-20240613232115-7f521ea00fb8/go.mod h1:jj3sYF3dwk5D+ghuXyeI3r5MFf+NT2An6/9dOA95KSI=
